
Microsoft Visual Studio Solution File, Format Version 12.00
# Visual Studio Version 16
VisualStudioVersion = 16.0.29609.76
MinimumVisualStudioVersion = 10.0.40219.1
Project("{FAE04EC0-301F-11D3-BF4B-00C04F79EFBC}") = "grokkingAlgorithms", "grokkingAlgorithms\grokkingAlgorithms.csproj", "{97AE7638-2A53-41E9-B1CB-A5F7C04B97D5}"
EndProject
Global
	GlobalSection(SolutionConfigurationPlatforms) = preSolution
		Debug|Any CPU = Debug|Any CPU
		Release|Any CPU = Release|Any CPU
	EndGlobalSection
	GlobalSection(ProjectConfigurationPlatforms) = postSolution
		{97AE7638-2A53-41E9-B1CB-A5F7C04B97D5}.Debug|Any CPU.ActiveCfg = Debug|Any CPU
		{97AE7638-2A53-41E9-B1CB-A5F7C04B97D5}.Debug|Any CPU.Build.0 = Debug|Any CPU
		{97AE7638-2A53-41E9-B1CB-A5F7C04B97D5}.Release|Any CPU.ActiveCfg = Release|Any CPU
		{97AE7638-2A53-41E9-B1CB-A5F7C04B97D5}.Release|Any CPU.Build.0 = Release|Any CPU
	EndGlobalSection
	GlobalSection(SolutionProperties) = preSolution
		HideSolutionNode = FALSE
	EndGlobalSection
	GlobalSection(ExtensibilityGlobals) = postSolution
		SolutionGuid = {A562CE82-6183-42A6-85DE-3B2EC7726FFD}
	EndGlobalSection
EndGlobal
